
Microsoft Visual Studio Solution File, Format Version 12.00
# Visual Studio Version 17
VisualStudioVersion = 17.0.31903.59
MinimumVisualStudioVersion = 10.0.40219.1
Project("{FAE04EC0-301F-11D3-BF4B-00C04F79EFBC}") = "Devio.Business", "Devio.Business\Devio.Business.csproj", "{5F7F5B51-D4D9-4CD7-AD6A-C78B13B0E7EF}"
EndProject
Project("{FAE04EC0-301F-11D3-BF4B-00C04F79EFBC}") = "Devio.Data", "Devio.Data\Devio.Data.csproj", "{2746A3E7-D048-4A13-9EE5-11A3349E5D38}"
EndProject
Project("{FAE04EC0-301F-11D3-BF4B-00C04F79EFBC}") = "Devio.API", "Devio.API\Devio.API.csproj", "{A999AE28-9A69-49D8-8C54-D7C4E8E3AE00}"
EndProject
Global
	GlobalSection(SolutionConfigurationPlatforms) = preSolution
		Debug|Any CPU = Debug|Any CPU
		Release|Any CPU = Release|Any CPU
	EndGlobalSection
	GlobalSection(SolutionProperties) = preSolution
		HideSolutionNode = FALSE
	EndGlobalSection
	GlobalSection(ProjectConfigurationPlatforms) = postSolution
		{5F7F5B51-D4D9-4CD7-AD6A-C78B13B0E7EF}.Debug|Any CPU.ActiveCfg = Debug|Any CPU
		{5F7F5B51-D4D9-4CD7-AD6A-C78B13B0E7EF}.Debug|Any CPU.Build.0 = Debug|Any CPU
		{5F7F5B51-D4D9-4CD7-AD6A-C78B13B0E7EF}.Release|Any CPU.ActiveCfg = Release|Any CPU
		{5F7F5B51-D4D9-4CD7-AD6A-C78B13B0E7EF}.Release|Any CPU.Build.0 = Release|Any CPU
		{2746A3E7-D048-4A13-9EE5-11A3349E5D38}.Debug|Any CPU.ActiveCfg = Debug|Any CPU
		{2746A3E7-D048-4A13-9EE5-11A3349E5D38}.Debug|Any CPU.Build.0 = Debug|Any CPU
		{2746A3E7-D048-4A13-9EE5-11A3349E5D38}.Release|Any CPU.ActiveCfg = Release|Any CPU
		{2746A3E7-D048-4A13-9EE5-11A3349E5D38}.Release|Any CPU.Build.0 = Release|Any CPU
		{A999AE28-9A69-49D8-8C54-D7C4E8E3AE00}.Debug|Any CPU.ActiveCfg = Debug|Any CPU
		{A999AE28-9A69-49D8-8C54-D7C4E8E3AE00}.Debug|Any CPU.Build.0 = Debug|Any CPU
		{A999AE28-9A69-49D8-8C54-D7C4E8E3AE00}.Release|Any CPU.ActiveCfg = Release|Any CPU
		{A999AE28-9A69-49D8-8C54-D7C4E8E3AE00}.Release|Any CPU.Build.0 = Release|Any CPU
	EndGlobalSection
EndGlobal
